
Microsoft Visual Studio Solution File, Format Version 12.00
# Visual Studio Version 16
VisualStudioVersion = 16.0.30011.22
MinimumVisualStudioVersion = 10.0.40219.1
Project("{FAE04EC0-301F-11D3-BF4B-00C04F79EFBC}") = "Mohsin.JustEat.Services", "Mohsin.JustEat.Services.RestaurantFinder\Mohsin.JustEat.Services.csproj", "{CCBA6BED-FF90-4B0C-B88D-DED6DC2E90C3}"
EndProject
Project("{FAE04EC0-301F-11D3-BF4B-00C04F79EFBC}") = "Mohsin.JustEat.WebApp", "Mohsin.JustEat.WebApp\Mohsin.JustEat.WebApp.csproj", "{8754422D-D8C4-46F3-A712-3FC3BDE8A252}"
EndProject
Project("{2150E333-8FDC-42A3-9474-1A3956D46DE8}") = "Tests", "Tests", "{F1EA61E6-1B23-4CA4-ABD4-27524D64DD0E}"
EndProject
Project("{FAE04EC0-301F-11D3-BF4B-00C04F79EFBC}") = "Mohsin.JustEat.Services.UnitTests", "Mohsin.JustEat.Services.Tests\Mohsin.JustEat.Services.UnitTests.csproj", "{8654C1DE-495A-4238-94F3-B95799BCF20A}"
EndProject
Global
	GlobalSection(SolutionConfigurationPlatforms) = preSolution
		Debug|Any CPU = Debug|Any CPU
		Release|Any CPU = Release|Any CPU
	EndGlobalSection
	GlobalSection(ProjectConfigurationPlatforms) = postSolution
		{CCBA6BED-FF90-4B0C-B88D-DED6DC2E90C3}.Debug|Any CPU.ActiveCfg = Debug|Any CPU
		{CCBA6BED-FF90-4B0C-B88D-DED6DC2E90C3}.Debug|Any CPU.Build.0 = Debug|Any CPU
		{CCBA6BED-FF90-4B0C-B88D-DED6DC2E90C3}.Release|Any CPU.ActiveCfg = Release|Any CPU
		{CCBA6BED-FF90-4B0C-B88D-DED6DC2E90C3}.Release|Any CPU.Build.0 = Release|Any CPU
		{8754422D-D8C4-46F3-A712-3FC3BDE8A252}.Debug|Any CPU.ActiveCfg = Debug|Any CPU
		{8754422D-D8C4-46F3-A712-3FC3BDE8A252}.Debug|Any CPU.Build.0 = Debug|Any CPU
		{8754422D-D8C4-46F3-A712-3FC3BDE8A252}.Release|Any CPU.ActiveCfg = Release|Any CPU
		{8754422D-D8C4-46F3-A712-3FC3BDE8A252}.Release|Any CPU.Build.0 = Release|Any CPU
		{8654C1DE-495A-4238-94F3-B95799BCF20A}.Debug|Any CPU.ActiveCfg = Debug|Any CPU
		{8654C1DE-495A-4238-94F3-B95799BCF20A}.Debug|Any CPU.Build.0 = Debug|Any CPU
		{8654C1DE-495A-4238-94F3-B95799BCF20A}.Release|Any CPU.ActiveCfg = Release|Any CPU
		{8654C1DE-495A-4238-94F3-B95799BCF20A}.Release|Any CPU.Build.0 = Release|Any CPU
	EndGlobalSection
	GlobalSection(SolutionProperties) = preSolution
		HideSolutionNode = FALSE
	EndGlobalSection
	GlobalSection(NestedProjects) = preSolution
		{8654C1DE-495A-4238-94F3-B95799BCF20A} = {F1EA61E6-1B23-4CA4-ABD4-27524D64DD0E}
	EndGlobalSection
	GlobalSection(ExtensibilityGlobals) = postSolution
		SolutionGuid = {61759A14-443B-4D32-BE9D-79FA81CC144B}
	EndGlobalSection
EndGlobal
